// !$*UTF8*$!
{
	archiveVersion = 1;
	classes = {
	};
	objectVersion = 46;
	objects = {

/* Begin PBXBuildFile section */
		F57D10E61CEB930100324173 /* AppDelegate.swift in Sources */ = {isa = PBXBuildFile; fileRef = F57D10E51CEB930100324173 /* AppDelegate.swift */; };
		F57D10E81CEB930100324173 /* CalculatorViewController.swift in Sources */ = {isa = PBXBuildFile; fileRef = F57D10E71CEB930100324173 /* CalculatorViewController.swift */; };
		F57D10EA1CEB930100324173 /* SettingsViewController.swift in Sources */ = {isa = PBXBuildFile; fileRef = F57D10E91CEB930100324173 /* SettingsViewController.swift */; };
		F57D10ED1CEB930100324173 /* Main.storyboard in Resources */ = {isa = PBXBuildFile; fileRef = F57D10EB1CEB930100324173 /* Main.storyboard */; };
		F57D10EF1CEB930200324173 /* Assets.xcassets in Resources */ = {isa = PBXBuildFile; fileRef = F57D10EE1CEB930200324173 /* Assets.xcassets */; };
		F57D10F21CEB930200324173 /* LaunchScreen.storyboard in Resources */ = {isa = PBXBuildFile; fileRef = F57D10F01CEB930200324173 /* LaunchScreen.storyboard */; };
		F57D10FD1CEB930200324173 /* DOF_CalculatorTests.swift in Sources */ = {isa = PBXBuildFile; fileRef = F57D10FC1CEB930200324173 /* DOF_CalculatorTests.swift */; };
		F57D11081CEB930200324173 /* DOF_CalculatorUITests.swift in Sources */ = {isa = PBXBuildFile; fileRef = F57D11071CEB930200324173 /* DOF_CalculatorUITests.swift */; };
		F5D96A401E1C81B900955952 /* Settings.plist in Resources */ = {isa = PBXBuildFile; fileRef = F5D96A3F1E1C81B900955952 /* Settings.plist */; };
/* End PBXBuildFile section */

/* Begin PBXContainerItemProxy section */
		F57D10F91CEB930200324173 /* PBXContainerItemProxy */ = {
			isa = PBXContainerItemProxy;
			containerPortal = F57D10DA1CEB930100324173 /* Project object */;
			proxyType = 1;
			remoteGlobalIDString = F57D10E11CEB930100324173;
			remoteInfo = "DOF Calculator";
		};
		F57D11041CEB930200324173 /* PBXContainerItemProxy */ = {
			isa = PBXContainerItemProxy;
			containerPortal = F57D10DA1CEB930100324173 /* Project object */;
			proxyType = 1;
			remoteGlobalIDString = F57D10E11CEB930100324173;
			remoteInfo = "DOF Calculator";
		};
/* End PBXContainerItemProxy section */

/* Begin PBXFileReference section */
		F57D10E21CEB930100324173 /* DOF Calculator.app */ = {isa = PBXFileReference; explicitFileType = wrapper.application; includeInIndex = 0; path = "DOF Calculator.app"; sourceTree = BUILT_PRODUCTS_DIR; };
		F57D10E51CEB930100324173 /* AppDelegate.swift */ = {isa = PBXFileReference; lastKnownFileType = sourcecode.swift; path = AppDelegate.swift; sourceTree = "<group>"; };
		F57D10E71CEB930100324173 /* CalculatorViewController.swift */ = {isa = PBXFileReference; lastKnownFileType = sourcecode.swift; path = CalculatorViewController.swift; sourceTree = "<group>"; };
		F57D10E91CEB930100324173 /* SettingsViewController.swift */ = {isa = PBXFileReference; lastKnownFileType = sourcecode.swift; path = SettingsViewController.swift; sourceTree = "<group>"; };
		F57D10EC1CEB930100324173 /* Base */ = {isa = PBXFileReference; lastKnownFileType = file.storyboard; name = Base; path = Base.lproj/Main.storyboard; sourceTree = "<group>"; };
		F57D10EE1CEB930200324173 /* Assets.xcassets */ = {isa = PBXFileReference; lastKnownFileType = folder.assetcatalog; path = Assets.xcassets; sourceTree = "<group>"; };
		F57D10F11CEB930200324173 /* Base */ = {isa = PBXFileReference; lastKnownFileType = file.storyboard; name = Base; path = Base.lproj/LaunchScreen.storyboard; sourceTree = "<group>"; };
		F57D10F31CEB930200324173 /* Info.plist */ = {isa = PBXFileReference; lastKnownFileType = text.plist.xml; path = Info.plist; sourceTree = "<group>"; };
		F57D10F81CEB930200324173 /* DOF CalculatorTests.xctest */ = {isa = PBXFileReference; explicitFileType = wrapper.cfbundle; includeInIndex = 0; path = "DOF CalculatorTests.xctest"; sourceTree = BUILT_PRODUCTS_DIR; };
		F57D10FC1CEB930200324173 /* DOF_CalculatorTests.swift */ = {isa = PBXFileReference; lastKnownFileType = sourcecode.swift; path = DOF_CalculatorTests.swift; sourceTree = "<group>"; };
		F57D10FE1CEB930200324173 /* Info.plist */ = {isa = PBXFileReference; lastKnownFileType = text.plist.xml; path = Info.plist; sourceTree = "<group>"; };
		F57D11031CEB930200324173 /* DOF CalculatorUITests.xctest */ = {isa = PBXFileReference; explicitFileType = wrapper.cfbundle; includeInIndex = 0; path = "DOF CalculatorUITests.xctest"; sourceTree = BUILT_PRODUCTS_DIR; };
		F57D11071CEB930200324173 /* DOF_CalculatorUITests.swift */ = {isa = PBXFileReference; lastKnownFileType = sourcecode.swift; path = DOF_CalculatorUITests.swift; sourceTree = "<group>"; };
		F57D11091CEB930200324173 /* Info.plist */ = {isa = PBXFileReference; lastKnownFileType = text.plist.xml; path = Info.plist; sourceTree = "<group>"; };
		F5D96A3F1E1C81B900955952 /* Settings.plist */ = {isa = PBXFileReference; fileEncoding = 4; lastKnownFileType = text.plist.xml; path = Settings.plist; sourceTree = "<group>"; };
/* End PBXFileReference section */

/* Begin PBXFrameworksBuildPhase section */
		F57D10DF1CEB930100324173 /* Frameworks */ = {
			isa = PBXFrameworksBuildPhase;
			buildActionMask = 2147483647;
			files = (
			);
			runOnlyForDeploymentPostprocessing = 0;
		};
		F57D10F51CEB930200324173 /* Frameworks */ = {
			isa = PBXFrameworksBuildPhase;
			buildActionMask = 2147483647;
			files = (
			);
			runOnlyForDeploymentPostprocessing = 0;
		};
		F57D11001CEB930200324173 /* Frameworks */ = {
			isa = PBXFrameworksBuildPhase;
			buildActionMask = 2147483647;
			files = (
			);
			runOnlyForDeploymentPostprocessing = 0;
		};
/* End PBXFrameworksBuildPhase section */

/* Begin PBXGroup section */
		F57D10D91CEB930100324173 = {
			isa = PBXGroup;
			children = (
				F57D10E41CEB930100324173 /* DOF Calculator */,
				F57D10FB1CEB930200324173 /* DOF CalculatorTests */,
				F57D11061CEB930200324173 /* DOF CalculatorUITests */,
				F57D10E31CEB930100324173 /* Products */,
			);
			sourceTree = "<group>";
		};
		F57D10E31CEB930100324173 /* Products */ = {
			isa = PBXGroup;
			children = (
				F57D10E21CEB930100324173 /* DOF Calculator.app */,
				F57D10F81CEB930200324173 /* DOF CalculatorTests.xctest */,
				F57D11031CEB930200324173 /* DOF CalculatorUITests.xctest */,
			);
			name = Products;
			sourceTree = "<group>";
		};
		F57D10E41CEB930100324173 /* DOF Calculator */ = {
			isa = PBXGroup;
			children = (
				F57D10E51CEB930100324173 /* AppDelegate.swift */,
				F57D10E71CEB930100324173 /* CalculatorViewController.swift */,
				F57D10E91CEB930100324173 /* SettingsViewController.swift */,
				F57D10EB1CEB930100324173 /* Main.storyboard */,
				F5D96A3F1E1C81B900955952 /* Settings.plist */,
				F57D10EE1CEB930200324173 /* Assets.xcassets */,
				F57D10F01CEB930200324173 /* LaunchScreen.storyboard */,
				F57D10F31CEB930200324173 /* Info.plist */,
			);
			path = "DOF Calculator";
			sourceTree = "<group>";
		};
		F57D10FB1CEB930200324173 /* DOF CalculatorTests */ = {
			isa = PBXGroup;
			children = (
				F57D10FC1CEB930200324173 /* DOF_CalculatorTests.swift */,
				F57D10FE1CEB930200324173 /* Info.plist */,
			);
			path = "DOF CalculatorTests";
			sourceTree = "<group>";
		};
		F57D11061CEB930200324173 /* DOF CalculatorUITests */ = {
			isa = PBXGroup;
			children = (
				F57D11071CEB930200324173 /* DOF_CalculatorUITests.swift */,
				F57D11091CEB930200324173 /* Info.plist */,
			);
			path = "DOF CalculatorUITests";
			sourceTree = "<group>";
		};
/* End PBXGroup section */

/* Begin PBXNativeTarget section */
		F57D10E11CEB930100324173 /* DOF Calculator */ = {
			isa = PBXNativeTarget;
			buildConfigurationList = F57D110C1CEB930200324173 /* Build configuration list for PBXNativeTarget "DOF Calculator" */;
			buildPhases = (
				F57D10DE1CEB930100324173 /* Sources */,
				F57D10DF1CEB930100324173 /* Frameworks */,
				F57D10E01CEB930100324173 /* Resources */,
			);
			buildRules = (
			);
			dependencies = (
			);
			name = "DOF Calculator";
			productName = "DOF Calculator";
			productReference = F57D10E21CEB930100324173 /* DOF Calculator.app */;
			productType = "com.apple.product-type.application";
		};
		F57D10F71CEB930200324173 /* DOF CalculatorTests */ = {
			isa = PBXNativeTarget;
			buildConfigurationList = F57D110F1CEB930200324173 /* Build configuration list for PBXNativeTarget "DOF CalculatorTests" */;
			buildPhases = (
				F57D10F41CEB930200324173 /* Sources */,
				F57D10F51CEB930200324173 /* Frameworks */,
				F57D10F61CEB930200324173 /* Resources */,
			);
			buildRules = (
			);
			dependencies = (
				F57D10FA1CEB930200324173 /* PBXTargetDependency */,
			);
			name = "DOF CalculatorTests";
			productName = "DOF CalculatorTests";
			productReference = F57D10F81CEB930200324173 /* DOF CalculatorTests.xctest */;
			productType = "com.apple.product-type.bundle.unit-test";
		};
		F57D11021CEB930200324173 /* DOF CalculatorUITests */ = {
			isa = PBXNativeTarget;
			buildConfigurationList = F57D11121CEB930200324173 /* Build configuration list for PBXNativeTarget "DOF CalculatorUITests" */;
			buildPhases = (
				F57D10FF1CEB930200324173 /* Sources */,
				F57D11001CEB930200324173 /* Frameworks */,
				F57D11011CEB930200324173 /* Resources */,
			);
			buildRules = (
			);
			dependencies = (
				F57D11051CEB930200324173 /* PBXTargetDependency */,
			);
			name = "DOF CalculatorUITests";
			productName = "DOF CalculatorUITests";
			productReference = F57D11031CEB930200324173 /* DOF CalculatorUITests.xctest */;
			productType = "com.apple.product-type.bundle.ui-testing";
		};
/* End PBXNativeTarget section */

/* Begin PBXProject section */
		F57D10DA1CEB930100324173 /* Project object */ = {
			isa = PBXProject;
			attributes = {
				LastSwiftUpdateCheck = 0730;
				LastUpgradeCheck = 0800;
				ORGANIZATIONNAME = "Cameron Anderson";
				TargetAttributes = {
					F57D10E11CEB930100324173 = {
						CreatedOnToolsVersion = 7.3;
						DevelopmentTeam = H9SXWJQ397;
						LastSwiftMigration = 0800;
					};
					F57D10F71CEB930200324173 = {
						CreatedOnToolsVersion = 7.3;
						DevelopmentTeam = H9SXWJQ397;
						LastSwiftMigration = 0800;
						ProvisioningStyle = Automatic;
						TestTargetID = F57D10E11CEB930100324173;
					};
					F57D11021CEB930200324173 = {
						CreatedOnToolsVersion = 7.3;
						LastSwiftMigration = 0800;
						ProvisioningStyle = Automatic;
						TestTargetID = F57D10E11CEB930100324173;
					};
				};
			};
			buildConfigurationList = F57D10DD1CEB930100324173 /* Build configuration list for PBXProject "DOF Calculator" */;
			compatibilityVersion = "Xcode 3.2";
			developmentRegion = English;
			hasScannedForEncodings = 0;
			knownRegions = (
				en,
				Base,
			);
			mainGroup = F57D10D91CEB930100324173;
			productRefGroup = F57D10E31CEB930100324173 /* Products */;
			projectDirPath = "";
			projectRoot = "";
			targets = (
				F57D10E11CEB930100324173 /* DOF Calculator */,
				F57D10F71CEB930200324173 /* DOF CalculatorTests */,
				F57D11021CEB930200324173 /* DOF CalculatorUITests */,
			);
		};
/* End PBXProject section */

/* Begin PBXResourcesBuildPhase section */
		F57D10E01CEB930100324173 /* Resources */ = {
			isa = PBXResourcesBuildPhase;
			buildActionMask = 2147483647;
			files = (
				F57D10F21CEB930200324173 /* LaunchScreen.storyboard in Resources */,
				F5D96A401E1C81B900955952 /* Settings.plist in Resources */,
				F57D10EF1CEB930200324173 /* Assets.xcassets in Resources */,
				F57D10ED1CEB930100324173 /* Main.storyboard in Resources */,
			);
			runOnlyForDeploymentPostprocessing = 0;
		};
		F57D10F61CEB930200324173 /* Resources */ = {
			isa = PBXResourcesBuildPhase;
			buildActionMask = 2147483647;
			files = (
			);
			runOnlyForDeploymentPostprocessing = 0;
		};
		F57D11011CEB930200324173 /* Resources */ = {
			isa = PBXResourcesBuildPhase;
			buildActionMask = 2147483647;
			files = (
			);
			runOnlyForDeploymentPostprocessing = 0;
		};
/* End PBXResourcesBuildPhase section */

/* Begin PBXSourcesBuildPhase section */
		F57D10DE1CEB930100324173 /* Sources */ = {
			isa = PBXSourcesBuildPhase;
			buildActionMask = 2147483647;
			files = (
				F57D10EA1CEB930100324173 /* SettingsViewController.swift in Sources */,
				F57D10E61CEB930100324173 /* AppDelegate.swift in Sources */,
				F57D10E81CEB930100324173 /* CalculatorViewController.swift in Sources */,
			);
			runOnlyForDeploymentPostprocessing = 0;
		};
		F57D10F41CEB930200324173 /* Sources */ = {
			isa = PBXSourcesBuildPhase;
			buildActionMask = 2147483647;
			files = (
				F57D10FD1CEB930200324173 /* DOF_CalculatorTests.swift in Sources */,
			);
			runOnlyForDeploymentPostprocessing = 0;
		};
		F57D10FF1CEB930200324173 /* Sources */ = {
			isa = PBXSourcesBuildPhase;
			buildActionMask = 2147483647;
			files = (
				F57D11081CEB930200324173 /* DOF_CalculatorUITests.swift in Sources */,
			);
			runOnlyForDeploymentPostprocessing = 0;
		};
/* End PBXSourcesBuildPhase section */

/* Begin PBXTargetDependency section */
		F57D10FA1CEB930200324173 /* PBXTargetDependency */ = {
			isa = PBXTargetDependency;
			target = F57D10E11CEB930100324173 /* DOF Calculator */;
			targetProxy = F57D10F91CEB930200324173 /* PBXContainerItemProxy */;
		};
		F57D11051CEB930200324173 /* PBXTargetDependency */ = {
			isa = PBXTargetDependency;
			target = F57D10E11CEB930100324173 /* DOF Calculator */;
			targetProxy = F57D11041CEB930200324173 /* PBXContainerItemProxy */;
		};
/* End PBXTargetDependency section */

/* Begin PBXVariantGroup section */
		F57D10EB1CEB930100324173 /* Main.storyboard */ = {
			isa = PBXVariantGroup;
			children = (
				F57D10EC1CEB930100324173 /* Base */,
			);
			name = Main.storyboard;
			sourceTree = "<group>";
		};
		F57D10F01CEB930200324173 /* LaunchScreen.storyboard */ = {
			isa = PBXVariantGroup;
			children = (
				F57D10F11CEB930200324173 /* Base */,
			);
			name = LaunchScreen.storyboard;
			sourceTree = "<group>";
		};
/* End PBXVariantGroup section */

/* Begin XCBuildConfiguration section */
		F57D110A1CEB930200324173 /* Debug */ = {
			isa = XCBuildConfiguration;
			buildSettings = {
				ALWAYS_SEARCH_USER_PATHS = NO;
				CLANG_ANALYZER_NONNULL = YES;
				CLANG_CXX_LANGUAGE_STANDARD = "gnu++0x";
				CLANG_CXX_LIBRARY = "libc++";
				CLANG_ENABLE_MODULES = YES;
				CLANG_ENABLE_OBJC_ARC = YES;
				CLANG_WARN_BOOL_CONVERSION = YES;
				CLANG_WARN_CONSTANT_CONVERSION = YES;
				CLANG_WARN_DIRECT_OBJC_ISA_USAGE = YES_ERROR;
				CLANG_WARN_EMPTY_BODY = YES;
				CLANG_WARN_ENUM_CONVERSION = YES;
				CLANG_WARN_INFINITE_RECURSION = YES;
				CLANG_WARN_INT_CONVERSION = YES;
				CLANG_WARN_OBJC_ROOT_CLASS = YES_ERROR;
				CLANG_WARN_SUSPICIOUS_MOVE = YES;
				CLANG_WARN_UNREACHABLE_CODE = YES;
				CLANG_WARN__DUPLICATE_METHOD_MATCH = YES;
				CODE_SIGN_IDENTITY = "iPhone Developer";
				"CODE_SIGN_IDENTITY[sdk=iphoneos*]" = "iPhone Developer";
				COPY_PHASE_STRIP = NO;
				DEBUG_INFORMATION_FORMAT = dwarf;
				ENABLE_STRICT_OBJC_MSGSEND = YES;
				ENABLE_TESTABILITY = YES;
				GCC_C_LANGUAGE_STANDARD = gnu99;
				GCC_DYNAMIC_NO_PIC = NO;
				GCC_NO_COMMON_BLOCKS = YES;
				GCC_OPTIMIZATION_LEVEL = 0;
				GCC_PREPROCESSOR_DEFINITIONS = (
					"DEBUG=1",
					"$(inherited)",
				);
				GCC_WARN_64_TO_32_BIT_CONVERSION = YES;
				GCC_WARN_ABOUT_RETURN_TYPE = YES_ERROR;
				GCC_WARN_UNDECLARED_SELECTOR = YES;
				GCC_WARN_UNINITIALIZED_AUTOS = YES_AGGRESSIVE;
				GCC_WARN_UNUSED_FUNCTION = YES;
				GCC_WARN_UNUSED_VARIABLE = YES;
				IPHONEOS_DEPLOYMENT_TARGET = 10.0;
				MTL_ENABLE_DEBUG_INFO = YES;
				ONLY_ACTIVE_ARCH = YES;
				SDKROOT = iphoneos;
				SWIFT_OPTIMIZATION_LEVEL = "-Onone";
				TARGETED_DEVICE_FAMILY = "1,2";
			};
			name = Debug;
		};
		F57D110B1CEB930200324173 /* Release */ = {
			isa = XCBuildConfiguration;
			buildSettings = {
				ALWAYS_SEARCH_USER_PATHS = NO;
				CLANG_ANALYZER_NONNULL = YES;
				CLANG_CXX_LANGUAGE_STANDARD = "gnu++0x";
				CLANG_CXX_LIBRARY = "libc++";
				CLANG_ENABLE_MODULES = YES;
				CLANG_ENABLE_OBJC_ARC = YES;
				CLANG_WARN_BOOL_CONVERSION = YES;
				CLANG_WARN_CONSTANT_CONVERSION = YES;
				CLANG_WARN_DIRECT_OBJC_ISA_USAGE = YES_ERROR;
				CLANG_WARN_EMPTY_BODY = YES;
				CLANG_WARN_ENUM_CONVERSION = YES;
				CLANG_WARN_INFINITE_RECURSION = YES;
				CLANG_WARN_INT_CONVERSION = YES;
				CLANG_WARN_OBJC_ROOT_CLASS = YES_ERROR;
				CLANG_WARN_SUSPICIOUS_MOVE = YES;
				CLANG_WARN_UNREACHABLE_CODE = YES;
				CLANG_WARN__DUPLICATE_METHOD_MATCH = YES;
				CODE_SIGN_IDENTITY = "iPhone Developer";
				"CODE_SIGN_IDENTITY[sdk=iphoneos*]" = "iPhone Developer";
				COPY_PHASE_STRIP = NO;
				DEBUG_INFORMATION_FORMAT = "dwarf-with-dsym";
				ENABLE_NS_ASSERTIONS = NO;
				ENABLE_STRICT_OBJC_MSGSEND = YES;
				GCC_C_LANGUAGE_STANDARD = gnu99;
				GCC_NO_COMMON_BLOCKS = YES;
				GCC_WARN_64_TO_32_BIT_CONVERSION = YES;
				GCC_WARN_ABOUT_RETURN_TYPE = YES_ERROR;
				GCC_WARN_UNDECLARED_SELECTOR = YES;
				GCC_WARN_UNINITIALIZED_AUTOS = YES_AGGRESSIVE;
				GCC_WARN_UNUSED_FUNCTION = YES;
				GCC_WARN_UNUSED_VARIABLE = YES;
				IPHONEOS_DEPLOYMENT_TARGET = 10.0;
				MTL_ENABLE_DEBUG_INFO = NO;
				SDKROOT = iphoneos;
				SWIFT_OPTIMIZATION_LEVEL = "-Owholemodule";
				TARGETED_DEVICE_FAMILY = "1,2";
				VALIDATE_PRODUCT = YES;
			};
			name = Release;
		};
		F57D110D1CEB930200324173 /* Debug */ = {
			isa = XCBuildConfiguration;
			buildSettings = {
				ASSETCATALOG_COMPILER_APPICON_NAME = AppIcon;
				DEVELOPMENT_TEAM = H9SXWJQ397;
				INFOPLIST_FILE = "DOF Calculator/Info.plist";
				IPHONEOS_DEPLOYMENT_TARGET = 10.2;
				LD_RUNPATH_SEARCH_PATHS = "$(inherited) @executable_path/Frameworks";
				PRODUCT_BUNDLE_IDENTIFIER = "info.CameronAnderson.DOF-Calculator";
				PRODUCT_NAME = "$(TARGET_NAME)";
				SWIFT_VERSION = 3.0;
				TARGETED_DEVICE_FAMILY = "1,2";
			};
			name = Debug;
		};
		F57D110E1CEB930200324173 /* Release */ = {
			isa = XCBuildConfiguration;
			buildSettings = {
				ASSETCATALOG_COMPILER_APPICON_NAME = AppIcon;
				DEVELOPMENT_TEAM = H9SXWJQ397;
				INFOPLIST_FILE = "DOF Calculator/Info.plist";
				IPHONEOS_DEPLOYMENT_TARGET = 10.2;
				LD_RUNPATH_SEARCH_PATHS = "$(inherited) @executable_path/Frameworks";
				PRODUCT_BUNDLE_IDENTIFIER = "info.CameronAnderson.DOF-Calculator";
				PRODUCT_NAME = "$(TARGET_NAME)";
				SWIFT_VERSION = 3.0;
				TARGETED_DEVICE_FAMILY = "1,2";
			};
			name = Release;
		};
		F57D11101CEB930200324173 /* Debug */ = {
			isa = XCBuildConfiguration;
			buildSettings = {
				BUNDLE_LOADER = "$(TEST_HOST)";
				"CODE_SIGN_IDENTITY[sdk=iphoneos*]" = "iPhone Developer";
				DEVELOPMENT_TEAM = H9SXWJQ397;
				INFOPLIST_FILE = "DOF CalculatorTests/Info.plist";
				LD_RUNPATH_SEARCH_PATHS = "$(inherited) @executable_path/Frameworks @loader_path/Frameworks";
				PRODUCT_BUNDLE_IDENTIFIER = "edu.cwa106.ecom.wiu.DOF-CalculatorTests";
				PRODUCT_NAME = "$(TARGET_NAME)";
				SWIFT_VERSION = 3.0;
				TEST_HOST = "$(BUILT_PRODUCTS_DIR)/DOF Calculator.app/DOF Calculator";
			};
			name = Debug;
		};
		F57D11111CEB930200324173 /* Release */ = {
			isa = XCBuildConfiguration;
			buildSettings = {
				BUNDLE_LOADER = "$(TEST_HOST)";
				"CODE_SIGN_IDENTITY[sdk=iphoneos*]" = "iPhone Developer";
				DEVELOPMENT_TEAM = H9SXWJQ397;
				INFOPLIST_FILE = "DOF CalculatorTests/Info.plist";
				LD_RUNPATH_SEARCH_PATHS = "$(inherited) @executable_path/Frameworks @loader_path/Frameworks";
				PRODUCT_BUNDLE_IDENTIFIER = "edu.cwa106.ecom.wiu.DOF-CalculatorTests";
				PRODUCT_NAME = "$(TARGET_NAME)";
				SWIFT_VERSION = 3.0;
				TEST_HOST = "$(BUILT_PRODUCTS_DIR)/DOF Calculator.app/DOF Calculator";
			};
			name = Release;
		};
		F57D11131CEB930200324173 /* Debug */ = {
			isa = XCBuildConfiguration;
			buildSettings = {
				"CODE_SIGN_IDENTITY[sdk=iphoneos*]" = "iPhone Developer";
				DEVELOPMENT_TEAM = "";
				INFOPLIST_FILE = "DOF CalculatorUITests/Info.plist";
				LD_RUNPATH_SEARCH_PATHS = "$(inherited) @executable_path/Frameworks @loader_path/Frameworks";
				PRODUCT_BUNDLE_IDENTIFIER = "edu.cwa106.ecom.wiu.DOF-CalculatorUITests";
				PRODUCT_NAME = "$(TARGET_NAME)";
				PROVISIONING_PROFILE = "";
				PROVISIONING_PROFILE_SPECIFIER = "";
				SWIFT_VERSION = 3.0;
				TEST_TARGET_NAME = "DOF Calculator";
			};
			name = Debug;
		};
		F57D11141CEB930200324173 /* Release */ = {
			isa = XCBuildConfiguration;
			buildSettings = {
				"CODE_SIGN_IDENTITY[sdk=iphoneos*]" = "iPhone Developer";
				DEVELOPMENT_TEAM = "";
				INFOPLIST_FILE = "DOF CalculatorUITests/Info.plist";
				LD_RUNPATH_SEARCH_PATHS = "$(inherited) @executable_path/Frameworks @loader_path/Frameworks";
				PRODUCT_BUNDLE_IDENTIFIER = "edu.cwa106.ecom.wiu.DOF-CalculatorUITests";
				PRODUCT_NAME = "$(TARGET_NAME)";
				PROVISIONING_PROFILE = "";
				PROVISIONING_PROFILE_SPECIFIER = "";
				SWIFT_VERSION = 3.0;
				TEST_TARGET_NAME = "DOF Calculator";
			};
			name = Release;
		};
/* End XCBuildConfiguration section */

/* Begin XCConfigurationList section */
		F57D10DD1CEB930100324173 /* Build configuration list for PBXProject "DOF Calculator" */ = {
			isa = XCConfigurationList;
			buildConfigurations = (
				F57D110A1CEB930200324173 /* Debug */,
				F57D110B1CEB930200324173 /* Release */,
			);
			defaultConfigurationIsVisible = 0;
			defaultConfigurationName = Debug;
		};
		F57D110C1CEB930200324173 /* Build configuration list for PBXNativeTarget "DOF Calculator" */ = {
			isa = XCConfigurationList;
			buildConfigurations = (
				F57D110D1CEB930200324173 /* Debug */,
				F57D110E1CEB930200324173 /* Release */,
			);
			defaultConfigurationIsVisible = 0;
			defaultConfigurationName = Debug;
		};
		F57D110F1CEB930200324173 /* Build configuration list for PBXNativeTarget "DOF CalculatorTests" */ = {
			isa = XCConfigurationList;
			buildConfigurations = (
				F57D11101CEB930200324173 /* Debug */,
				F57D11111CEB930200324173 /* Release */,
			);
			defaultConfigurationIsVisible = 0;
			defaultConfigurationName = Debug;
		};
		F57D11121CEB930200324173 /* Build configuration list for PBXNativeTarget "DOF CalculatorUITests" */ = {
			isa = XCConfigurationList;
			buildConfigurations = (
				F57D11131CEB930200324173 /* Debug */,
				F57D11141CEB930200324173 /* Release */,
			);
			defaultConfigurationIsVisible = 0;
			defaultConfigurationName = Debug;
		};
/* End XCConfigurationList section */
	};
	rootObject = F57D10DA1CEB930100324173 /* Project object */;
}
